
Microsoft Visual Studio Solution File, Format Version 12.00
# Visual Studio 16
Project("{FAE04EC0-301F-11D3-BF4B-00C04F79EFBC}") = "Assembly-CSharp", "Assembly-CSharp.csproj", "{DF301BCA-D704-2F64-A29D-A94F858D00A6}"
EndProject
Project("{FAE04EC0-301F-11D3-BF4B-00C04F79EFBC}") = "Assembly-CSharp-Editor", "Assembly-CSharp-Editor.csproj", "{23AA936A-3561-728F-D6A6-1A478D051505}"
EndProject
Global
	GlobalSection(SolutionConfigurationPlatforms) = preSolution
		Debug|Any CPU = Debug|Any CPU
		Release|Any CPU = Release|Any CPU
	EndGlobalSection
	GlobalSection(ProjectConfigurationPlatforms) = postSolution
		{DF301BCA-D704-2F64-A29D-A94F858D00A6}.Debug|Any CPU.ActiveCfg = Debug|Any CPU
		{DF301BCA-D704-2F64-A29D-A94F858D00A6}.Debug|Any CPU.Build.0 = Debug|Any CPU
		{DF301BCA-D704-2F64-A29D-A94F858D00A6}.Release|Any CPU.ActiveCfg = Release|Any CPU
		{DF301BCA-D704-2F64-A29D-A94F858D00A6}.Release|Any CPU.Build.0 = Release|Any CPU
		{23AA936A-3561-728F-D6A6-1A478D051505}.Debug|Any CPU.ActiveCfg = Debug|Any CPU
		{23AA936A-3561-728F-D6A6-1A478D051505}.Debug|Any CPU.Build.0 = Debug|Any CPU
		{23AA936A-3561-728F-D6A6-1A478D051505}.Release|Any CPU.ActiveCfg = Release|Any CPU
		{23AA936A-3561-728F-D6A6-1A478D051505}.Release|Any CPU.Build.0 = Release|Any CPU
	EndGlobalSection
	GlobalSection(SolutionProperties) = preSolution
		HideSolutionNode = FALSE
	EndGlobalSection
EndGlobal
